
Microsoft Visual Studio Solution File, Format Version 12.00
# Visual Studio Version 17
VisualStudioVersion = 17.1.32414.318
MinimumVisualStudioVersion = 16.0.30907.101
Project("{9A19103F-16F7-4668-BE54-9A1E7A4F7556}") = "SyncClipboard", "SyncClipboard\SyncClipboard.csproj", "{05848EE3-A9CB-4402-B8B7-F0016759FFC5}"
EndProject
Project("{2150E333-8FDC-42A3-9474-1A3956D46DE8}") = "Solution Items", "Solution Items", "{64D61E6B-DE25-4B6A-BCF9-2B92A244B082}"
	ProjectSection(SolutionItems) = preProject
		.editorconfig = .editorconfig
	EndProjectSection
EndProject
Project("{9A19103F-16F7-4668-BE54-9A1E7A4F7556}") = "SyncClipboard.Server", "SyncClipboard.Server\SyncClipboard.Server.csproj", "{8C51D47C-0012-4202-B0BF-23ADB8E574F4}"
EndProject
Project("{9A19103F-16F7-4668-BE54-9A1E7A4F7556}") = "SyncClipboard.WinUI3", "SyncClipboard.WinUI3\SyncClipboard.WinUI3.csproj", "{A01DFDF8-02B4-4FAC-8B75-2D927FB62758}"
EndProject
Project("{FAE04EC0-301F-11D3-BF4B-00C04F79EFBC}") = "SyncClipboard.Core", "SyncClipboard.Core\SyncClipboard.Core.csproj", "{DD09FE1F-E220-43D9-92FD-ED751478A1A1}"
EndProject
Global
	GlobalSection(SolutionConfigurationPlatforms) = preSolution
		Debug|Any CPU = Debug|Any CPU
		Debug|ARM64 = Debug|ARM64
		Debug|x64 = Debug|x64
		Debug|x86 = Debug|x86
		Release|Any CPU = Release|Any CPU
		Release|ARM64 = Release|ARM64
		Release|x64 = Release|x64
		Release|x86 = Release|x86
	EndGlobalSection
	GlobalSection(ProjectConfigurationPlatforms) = postSolution
		{05848EE3-A9CB-4402-B8B7-F0016759FFC5}.Debug|Any CPU.ActiveCfg = Debug|Any CPU
		{05848EE3-A9CB-4402-B8B7-F0016759FFC5}.Debug|Any CPU.Build.0 = Debug|Any CPU
		{05848EE3-A9CB-4402-B8B7-F0016759FFC5}.Debug|ARM64.ActiveCfg = Debug|Any CPU
		{05848EE3-A9CB-4402-B8B7-F0016759FFC5}.Debug|ARM64.Build.0 = Debug|Any CPU
		{05848EE3-A9CB-4402-B8B7-F0016759FFC5}.Debug|x64.ActiveCfg = Debug|Any CPU
		{05848EE3-A9CB-4402-B8B7-F0016759FFC5}.Debug|x64.Build.0 = Debug|Any CPU
		{05848EE3-A9CB-4402-B8B7-F0016759FFC5}.Debug|x86.ActiveCfg = Debug|Any CPU
		{05848EE3-A9CB-4402-B8B7-F0016759FFC5}.Debug|x86.Build.0 = Debug|Any CPU
		{05848EE3-A9CB-4402-B8B7-F0016759FFC5}.Release|Any CPU.ActiveCfg = Release|Any CPU
		{05848EE3-A9CB-4402-B8B7-F0016759FFC5}.Release|Any CPU.Build.0 = Release|Any CPU
		{05848EE3-A9CB-4402-B8B7-F0016759FFC5}.Release|ARM64.ActiveCfg = Release|Any CPU
		{05848EE3-A9CB-4402-B8B7-F0016759FFC5}.Release|ARM64.Build.0 = Release|Any CPU
		{05848EE3-A9CB-4402-B8B7-F0016759FFC5}.Release|x64.ActiveCfg = Release|Any CPU
		{05848EE3-A9CB-4402-B8B7-F0016759FFC5}.Release|x64.Build.0 = Release|Any CPU
		{05848EE3-A9CB-4402-B8B7-F0016759FFC5}.Release|x86.ActiveCfg = Release|Any CPU
		{05848EE3-A9CB-4402-B8B7-F0016759FFC5}.Release|x86.Build.0 = Release|Any CPU
		{8C51D47C-0012-4202-B0BF-23ADB8E574F4}.Debug|Any CPU.ActiveCfg = Debug|Any CPU
		{8C51D47C-0012-4202-B0BF-23ADB8E574F4}.Debug|Any CPU.Build.0 = Debug|Any CPU
		{8C51D47C-0012-4202-B0BF-23ADB8E574F4}.Debug|ARM64.ActiveCfg = Debug|Any CPU
		{8C51D47C-0012-4202-B0BF-23ADB8E574F4}.Debug|ARM64.Build.0 = Debug|Any CPU
		{8C51D47C-0012-4202-B0BF-23ADB8E574F4}.Debug|x64.ActiveCfg = Debug|Any CPU
		{8C51D47C-0012-4202-B0BF-23ADB8E574F4}.Debug|x64.Build.0 = Debug|Any CPU
		{8C51D47C-0012-4202-B0BF-23ADB8E574F4}.Debug|x86.ActiveCfg = Debug|Any CPU
		{8C51D47C-0012-4202-B0BF-23ADB8E574F4}.Debug|x86.Build.0 = Debug|Any CPU
		{8C51D47C-0012-4202-B0BF-23ADB8E574F4}.Release|Any CPU.ActiveCfg = Release|Any CPU
		{8C51D47C-0012-4202-B0BF-23ADB8E574F4}.Release|Any CPU.Build.0 = Release|Any CPU
		{8C51D47C-0012-4202-B0BF-23ADB8E574F4}.Release|ARM64.ActiveCfg = Release|Any CPU
		{8C51D47C-0012-4202-B0BF-23ADB8E574F4}.Release|ARM64.Build.0 = Release|Any CPU
		{8C51D47C-0012-4202-B0BF-23ADB8E574F4}.Release|x64.ActiveCfg = Release|Any CPU
		{8C51D47C-0012-4202-B0BF-23ADB8E574F4}.Release|x64.Build.0 = Release|Any CPU
		{8C51D47C-0012-4202-B0BF-23ADB8E574F4}.Release|x86.ActiveCfg = Release|Any CPU
		{8C51D47C-0012-4202-B0BF-23ADB8E574F4}.Release|x86.Build.0 = Release|Any CPU
		{A01DFDF8-02B4-4FAC-8B75-2D927FB62758}.Debug|Any CPU.ActiveCfg = Debug|x64
		{A01DFDF8-02B4-4FAC-8B75-2D927FB62758}.Debug|Any CPU.Build.0 = Debug|x64
		{A01DFDF8-02B4-4FAC-8B75-2D927FB62758}.Debug|ARM64.ActiveCfg = Debug|ARM64
		{A01DFDF8-02B4-4FAC-8B75-2D927FB62758}.Debug|ARM64.Build.0 = Debug|ARM64
		{A01DFDF8-02B4-4FAC-8B75-2D927FB62758}.Debug|x64.ActiveCfg = Debug|x64
		{A01DFDF8-02B4-4FAC-8B75-2D927FB62758}.Debug|x64.Build.0 = Debug|x64
		{A01DFDF8-02B4-4FAC-8B75-2D927FB62758}.Debug|x86.ActiveCfg = Debug|x86
		{A01DFDF8-02B4-4FAC-8B75-2D927FB62758}.Debug|x86.Build.0 = Debug|x86
		{A01DFDF8-02B4-4FAC-8B75-2D927FB62758}.Release|Any CPU.ActiveCfg = Release|x64
		{A01DFDF8-02B4-4FAC-8B75-2D927FB62758}.Release|Any CPU.Build.0 = Release|x64
		{A01DFDF8-02B4-4FAC-8B75-2D927FB62758}.Release|ARM64.ActiveCfg = Release|ARM64
		{A01DFDF8-02B4-4FAC-8B75-2D927FB62758}.Release|ARM64.Build.0 = Release|ARM64
		{A01DFDF8-02B4-4FAC-8B75-2D927FB62758}.Release|x64.ActiveCfg = Release|x64
		{A01DFDF8-02B4-4FAC-8B75-2D927FB62758}.Release|x64.Build.0 = Release|x64
		{A01DFDF8-02B4-4FAC-8B75-2D927FB62758}.Release|x86.ActiveCfg = Release|x86
		{A01DFDF8-02B4-4FAC-8B75-2D927FB62758}.Release|x86.Build.0 = Release|x86
		{DD09FE1F-E220-43D9-92FD-ED751478A1A1}.Debug|Any CPU.ActiveCfg = Debug|Any CPU
		{DD09FE1F-E220-43D9-92FD-ED751478A1A1}.Debug|Any CPU.Build.0 = Debug|Any CPU
		{DD09FE1F-E220-43D9-92FD-ED751478A1A1}.Debug|ARM64.ActiveCfg = Debug|Any CPU
		{DD09FE1F-E220-43D9-92FD-ED751478A1A1}.Debug|ARM64.Build.0 = Debug|Any CPU
		{DD09FE1F-E220-43D9-92FD-ED751478A1A1}.Debug|x64.ActiveCfg = Debug|Any CPU
		{DD09FE1F-E220-43D9-92FD-ED751478A1A1}.Debug|x64.Build.0 = Debug|Any CPU
		{DD09FE1F-E220-43D9-92FD-ED751478A1A1}.Debug|x86.ActiveCfg = Debug|Any CPU
		{DD09FE1F-E220-43D9-92FD-ED751478A1A1}.Debug|x86.Build.0 = Debug|Any CPU
		{DD09FE1F-E220-43D9-92FD-ED751478A1A1}.Release|Any CPU.ActiveCfg = Release|Any CPU
		{DD09FE1F-E220-43D9-92FD-ED751478A1A1}.Release|Any CPU.Build.0 = Release|Any CPU
		{DD09FE1F-E220-43D9-92FD-ED751478A1A1}.Release|ARM64.ActiveCfg = Release|Any CPU
		{DD09FE1F-E220-43D9-92FD-ED751478A1A1}.Release|ARM64.Build.0 = Release|Any CPU
		{DD09FE1F-E220-43D9-92FD-ED751478A1A1}.Release|x64.ActiveCfg = Release|Any CPU
		{DD09FE1F-E220-43D9-92FD-ED751478A1A1}.Release|x64.Build.0 = Release|Any CPU
		{DD09FE1F-E220-43D9-92FD-ED751478A1A1}.Release|x86.ActiveCfg = Release|Any CPU
		{DD09FE1F-E220-43D9-92FD-ED751478A1A1}.Release|x86.Build.0 = Release|Any CPU
	EndGlobalSection
	GlobalSection(SolutionProperties) = preSolution
		HideSolutionNode = FALSE
	EndGlobalSection
	GlobalSection(ExtensibilityGlobals) = postSolution
		SolutionGuid = {FF2465B4-E81F-4BA3-BD79-0625483443FA}
	EndGlobalSection
EndGlobal
