
Microsoft Visual Studio Solution File, Format Version 12.00
# Visual Studio Version 17
VisualStudioVersion = 17.1.32414.318
MinimumVisualStudioVersion = 16.0.30907.101
Project("{2150E333-8FDC-42A3-9474-1A3956D46DE8}") = "Solution Items", "Solution Items", "{64D61E6B-DE25-4B6A-BCF9-2B92A244B082}"
	ProjectSection(SolutionItems) = preProject
		.editorconfig = .editorconfig
		..\Changes.md = ..\Changes.md
		Directory.Packages.props = Directory.Packages.props
		..\build\macos\Info.plist = ..\build\macos\Info.plist
		nuget.config = nuget.config
		..\README.md = ..\README.md
		..\docs\README_EN.md = ..\docs\README_EN.md
	EndProjectSection
EndProject
Project("{9A19103F-16F7-4668-BE54-9A1E7A4F7556}") = "SyncClipboard.Server.Core", "SyncClipboard.Server.Core\SyncClipboard.Server.Core.csproj", "{8C51D47C-0012-4202-B0BF-23ADB8E574F4}"
EndProject
Project("{9A19103F-16F7-4668-BE54-9A1E7A4F7556}") = "SyncClipboard.WinUI3", "SyncClipboard.WinUI3\SyncClipboard.WinUI3.csproj", "{A01DFDF8-02B4-4FAC-8B75-2D927FB62758}"
EndProject
Project("{9A19103F-16F7-4668-BE54-9A1E7A4F7556}") = "SyncClipboard.Core", "SyncClipboard.Core\SyncClipboard.Core.csproj", "{DD09FE1F-E220-43D9-92FD-ED751478A1A1}"
EndProject
Project("{9A19103F-16F7-4668-BE54-9A1E7A4F7556}") = "SyncClipboard.Test", "SyncClipboard.Test\SyncClipboard.Test.csproj", "{7C1FCD5C-376D-4F85-80A7-6473261F2DD5}"
EndProject
Project("{9A19103F-16F7-4668-BE54-9A1E7A4F7556}") = "SyncClipboard.Test.WinUI3", "SyncClipboard.Test.WinUI3\SyncClipboard.Test.WinUI3.csproj", "{D9DDC695-D4ED-45D0-B4A3-EFB3A094BB51}"
EndProject
Project("{9A19103F-16F7-4668-BE54-9A1E7A4F7556}") = "SyncClipboard.Abstract", "SyncClipboard.Abstract\SyncClipboard.Abstract.csproj", "{DEB12046-0106-4C38-A7F1-4B733204C225}"
EndProject
Project("{9A19103F-16F7-4668-BE54-9A1E7A4F7556}") = "SyncClipboard.Desktop", "SyncClipboard.Desktop\SyncClipboard.Desktop.csproj", "{622C4145-540A-44F8-908B-3EAD8F32F3DD}"
EndProject
Project("{9A19103F-16F7-4668-BE54-9A1E7A4F7556}") = "SyncClipboard.Windows", "SyncClipboard.Windows\SyncClipboard.Windows.csproj", "{27091DDD-7CA5-4524-A245-3F11D99FCD99}"
EndProject
Project("{9A19103F-16F7-4668-BE54-9A1E7A4F7556}") = "SyncClipboard.Test.Desktop", "SyncClipboard.Test.Desktop\SyncClipboard.Test.Desktop.csproj", "{8E781CEB-3316-47DE-8CA8-A41BCEB3EEA6}"
EndProject
Project("{9A19103F-16F7-4668-BE54-9A1E7A4F7556}") = "SyncClipboard.Server", "SyncClipboard.Server\SyncClipboard.Server.csproj", "{FC9A45DF-D737-498B-8974-5A5FDCAF76B3}"
EndProject
Global
	GlobalSection(SolutionConfigurationPlatforms) = preSolution
		Debug|Any CPU = Debug|Any CPU
		Debug|ARM64 = Debug|ARM64
		Debug|x64 = Debug|x64
		Debug|x86 = Debug|x86
		Release|Any CPU = Release|Any CPU
		Release|ARM64 = Release|ARM64
		Release|x64 = Release|x64
		Release|x86 = Release|x86
	EndGlobalSection
	GlobalSection(ProjectConfigurationPlatforms) = postSolution
		{8C51D47C-0012-4202-B0BF-23ADB8E574F4}.Debug|Any CPU.ActiveCfg = Debug|Any CPU
		{8C51D47C-0012-4202-B0BF-23ADB8E574F4}.Debug|Any CPU.Build.0 = Debug|Any CPU
		{8C51D47C-0012-4202-B0BF-23ADB8E574F4}.Debug|ARM64.ActiveCfg = Debug|Any CPU
		{8C51D47C-0012-4202-B0BF-23ADB8E574F4}.Debug|ARM64.Build.0 = Debug|Any CPU
		{8C51D47C-0012-4202-B0BF-23ADB8E574F4}.Debug|x64.ActiveCfg = Debug|Any CPU
		{8C51D47C-0012-4202-B0BF-23ADB8E574F4}.Debug|x64.Build.0 = Debug|Any CPU
		{8C51D47C-0012-4202-B0BF-23ADB8E574F4}.Debug|x86.ActiveCfg = Debug|Any CPU
		{8C51D47C-0012-4202-B0BF-23ADB8E574F4}.Debug|x86.Build.0 = Debug|Any CPU
		{8C51D47C-0012-4202-B0BF-23ADB8E574F4}.Release|Any CPU.ActiveCfg = Release|Any CPU
		{8C51D47C-0012-4202-B0BF-23ADB8E574F4}.Release|Any CPU.Build.0 = Release|Any CPU
		{8C51D47C-0012-4202-B0BF-23ADB8E574F4}.Release|ARM64.ActiveCfg = Release|Any CPU
		{8C51D47C-0012-4202-B0BF-23ADB8E574F4}.Release|ARM64.Build.0 = Release|Any CPU
		{8C51D47C-0012-4202-B0BF-23ADB8E574F4}.Release|x64.ActiveCfg = Release|Any CPU
		{8C51D47C-0012-4202-B0BF-23ADB8E574F4}.Release|x64.Build.0 = Release|Any CPU
		{8C51D47C-0012-4202-B0BF-23ADB8E574F4}.Release|x86.ActiveCfg = Release|Any CPU
		{8C51D47C-0012-4202-B0BF-23ADB8E574F4}.Release|x86.Build.0 = Release|Any CPU
		{A01DFDF8-02B4-4FAC-8B75-2D927FB62758}.Debug|Any CPU.ActiveCfg = Debug|Any CPU
		{A01DFDF8-02B4-4FAC-8B75-2D927FB62758}.Debug|Any CPU.Build.0 = Debug|Any CPU
		{A01DFDF8-02B4-4FAC-8B75-2D927FB62758}.Debug|ARM64.ActiveCfg = Debug|ARM64
		{A01DFDF8-02B4-4FAC-8B75-2D927FB62758}.Debug|ARM64.Build.0 = Debug|ARM64
		{A01DFDF8-02B4-4FAC-8B75-2D927FB62758}.Debug|x64.ActiveCfg = Debug|x64
		{A01DFDF8-02B4-4FAC-8B75-2D927FB62758}.Debug|x64.Build.0 = Debug|x64
		{A01DFDF8-02B4-4FAC-8B75-2D927FB62758}.Debug|x86.ActiveCfg = Debug|x86
		{A01DFDF8-02B4-4FAC-8B75-2D927FB62758}.Debug|x86.Build.0 = Debug|x86
		{A01DFDF8-02B4-4FAC-8B75-2D927FB62758}.Release|Any CPU.ActiveCfg = Release|Any CPU
		{A01DFDF8-02B4-4FAC-8B75-2D927FB62758}.Release|Any CPU.Build.0 = Release|Any CPU
		{A01DFDF8-02B4-4FAC-8B75-2D927FB62758}.Release|ARM64.ActiveCfg = Release|ARM64
		{A01DFDF8-02B4-4FAC-8B75-2D927FB62758}.Release|ARM64.Build.0 = Release|ARM64
		{A01DFDF8-02B4-4FAC-8B75-2D927FB62758}.Release|x64.ActiveCfg = Release|x64
		{A01DFDF8-02B4-4FAC-8B75-2D927FB62758}.Release|x64.Build.0 = Release|x64
		{A01DFDF8-02B4-4FAC-8B75-2D927FB62758}.Release|x86.ActiveCfg = Release|x86
		{A01DFDF8-02B4-4FAC-8B75-2D927FB62758}.Release|x86.Build.0 = Release|x86
		{DD09FE1F-E220-43D9-92FD-ED751478A1A1}.Debug|Any CPU.ActiveCfg = Debug|Any CPU
		{DD09FE1F-E220-43D9-92FD-ED751478A1A1}.Debug|Any CPU.Build.0 = Debug|Any CPU
		{DD09FE1F-E220-43D9-92FD-ED751478A1A1}.Debug|ARM64.ActiveCfg = Debug|ARM64
		{DD09FE1F-E220-43D9-92FD-ED751478A1A1}.Debug|ARM64.Build.0 = Debug|ARM64
		{DD09FE1F-E220-43D9-92FD-ED751478A1A1}.Debug|x64.ActiveCfg = Debug|x64
		{DD09FE1F-E220-43D9-92FD-ED751478A1A1}.Debug|x64.Build.0 = Debug|x64
		{DD09FE1F-E220-43D9-92FD-ED751478A1A1}.Debug|x86.ActiveCfg = Debug|x86
		{DD09FE1F-E220-43D9-92FD-ED751478A1A1}.Debug|x86.Build.0 = Debug|x86
		{DD09FE1F-E220-43D9-92FD-ED751478A1A1}.Release|Any CPU.ActiveCfg = Release|Any CPU
		{DD09FE1F-E220-43D9-92FD-ED751478A1A1}.Release|Any CPU.Build.0 = Release|Any CPU
		{DD09FE1F-E220-43D9-92FD-ED751478A1A1}.Release|ARM64.ActiveCfg = Release|ARM64
		{DD09FE1F-E220-43D9-92FD-ED751478A1A1}.Release|ARM64.Build.0 = Release|ARM64
		{DD09FE1F-E220-43D9-92FD-ED751478A1A1}.Release|x64.ActiveCfg = Release|x64
		{DD09FE1F-E220-43D9-92FD-ED751478A1A1}.Release|x64.Build.0 = Release|x64
		{DD09FE1F-E220-43D9-92FD-ED751478A1A1}.Release|x86.ActiveCfg = Release|x86
		{DD09FE1F-E220-43D9-92FD-ED751478A1A1}.Release|x86.Build.0 = Release|x86
		{7C1FCD5C-376D-4F85-80A7-6473261F2DD5}.Debug|Any CPU.ActiveCfg = Debug|Any CPU
		{7C1FCD5C-376D-4F85-80A7-6473261F2DD5}.Debug|Any CPU.Build.0 = Debug|Any CPU
		{7C1FCD5C-376D-4F85-80A7-6473261F2DD5}.Debug|ARM64.ActiveCfg = Debug|ARM64
		{7C1FCD5C-376D-4F85-80A7-6473261F2DD5}.Debug|ARM64.Build.0 = Debug|ARM64
		{7C1FCD5C-376D-4F85-80A7-6473261F2DD5}.Debug|x64.ActiveCfg = Debug|x64
		{7C1FCD5C-376D-4F85-80A7-6473261F2DD5}.Debug|x64.Build.0 = Debug|x64
		{7C1FCD5C-376D-4F85-80A7-6473261F2DD5}.Debug|x86.ActiveCfg = Debug|x86
		{7C1FCD5C-376D-4F85-80A7-6473261F2DD5}.Debug|x86.Build.0 = Debug|x86
		{7C1FCD5C-376D-4F85-80A7-6473261F2DD5}.Release|Any CPU.ActiveCfg = Release|Any CPU
		{7C1FCD5C-376D-4F85-80A7-6473261F2DD5}.Release|Any CPU.Build.0 = Release|Any CPU
		{7C1FCD5C-376D-4F85-80A7-6473261F2DD5}.Release|ARM64.ActiveCfg = Release|ARM64
		{7C1FCD5C-376D-4F85-80A7-6473261F2DD5}.Release|ARM64.Build.0 = Release|ARM64
		{7C1FCD5C-376D-4F85-80A7-6473261F2DD5}.Release|x64.ActiveCfg = Release|x64
		{7C1FCD5C-376D-4F85-80A7-6473261F2DD5}.Release|x64.Build.0 = Release|x64
		{7C1FCD5C-376D-4F85-80A7-6473261F2DD5}.Release|x86.ActiveCfg = Release|x86
		{7C1FCD5C-376D-4F85-80A7-6473261F2DD5}.Release|x86.Build.0 = Release|x86
		{D9DDC695-D4ED-45D0-B4A3-EFB3A094BB51}.Debug|Any CPU.ActiveCfg = Debug|Any CPU
		{D9DDC695-D4ED-45D0-B4A3-EFB3A094BB51}.Debug|Any CPU.Build.0 = Debug|Any CPU
		{D9DDC695-D4ED-45D0-B4A3-EFB3A094BB51}.Debug|ARM64.ActiveCfg = Debug|ARM64
		{D9DDC695-D4ED-45D0-B4A3-EFB3A094BB51}.Debug|ARM64.Build.0 = Debug|ARM64
		{D9DDC695-D4ED-45D0-B4A3-EFB3A094BB51}.Debug|x64.ActiveCfg = Debug|x64
		{D9DDC695-D4ED-45D0-B4A3-EFB3A094BB51}.Debug|x64.Build.0 = Debug|x64
		{D9DDC695-D4ED-45D0-B4A3-EFB3A094BB51}.Debug|x86.ActiveCfg = Debug|x86
		{D9DDC695-D4ED-45D0-B4A3-EFB3A094BB51}.Debug|x86.Build.0 = Debug|x86
		{D9DDC695-D4ED-45D0-B4A3-EFB3A094BB51}.Release|Any CPU.ActiveCfg = Release|Any CPU
		{D9DDC695-D4ED-45D0-B4A3-EFB3A094BB51}.Release|Any CPU.Build.0 = Release|Any CPU
		{D9DDC695-D4ED-45D0-B4A3-EFB3A094BB51}.Release|ARM64.ActiveCfg = Release|ARM64
		{D9DDC695-D4ED-45D0-B4A3-EFB3A094BB51}.Release|ARM64.Build.0 = Release|ARM64
		{D9DDC695-D4ED-45D0-B4A3-EFB3A094BB51}.Release|x64.ActiveCfg = Release|x64
		{D9DDC695-D4ED-45D0-B4A3-EFB3A094BB51}.Release|x64.Build.0 = Release|x64
		{D9DDC695-D4ED-45D0-B4A3-EFB3A094BB51}.Release|x86.ActiveCfg = Release|x86
		{D9DDC695-D4ED-45D0-B4A3-EFB3A094BB51}.Release|x86.Build.0 = Release|x86
		{DEB12046-0106-4C38-A7F1-4B733204C225}.Debug|Any CPU.ActiveCfg = Debug|Any CPU
		{DEB12046-0106-4C38-A7F1-4B733204C225}.Debug|Any CPU.Build.0 = Debug|Any CPU
		{DEB12046-0106-4C38-A7F1-4B733204C225}.Debug|ARM64.ActiveCfg = Debug|Any CPU
		{DEB12046-0106-4C38-A7F1-4B733204C225}.Debug|ARM64.Build.0 = Debug|Any CPU
		{DEB12046-0106-4C38-A7F1-4B733204C225}.Debug|x64.ActiveCfg = Debug|Any CPU
		{DEB12046-0106-4C38-A7F1-4B733204C225}.Debug|x64.Build.0 = Debug|Any CPU
		{DEB12046-0106-4C38-A7F1-4B733204C225}.Debug|x86.ActiveCfg = Debug|Any CPU
		{DEB12046-0106-4C38-A7F1-4B733204C225}.Debug|x86.Build.0 = Debug|Any CPU
		{DEB12046-0106-4C38-A7F1-4B733204C225}.Release|Any CPU.ActiveCfg = Release|Any CPU
		{DEB12046-0106-4C38-A7F1-4B733204C225}.Release|Any CPU.Build.0 = Release|Any CPU
		{DEB12046-0106-4C38-A7F1-4B733204C225}.Release|ARM64.ActiveCfg = Release|Any CPU
		{DEB12046-0106-4C38-A7F1-4B733204C225}.Release|ARM64.Build.0 = Release|Any CPU
		{DEB12046-0106-4C38-A7F1-4B733204C225}.Release|x64.ActiveCfg = Release|Any CPU
		{DEB12046-0106-4C38-A7F1-4B733204C225}.Release|x64.Build.0 = Release|Any CPU
		{DEB12046-0106-4C38-A7F1-4B733204C225}.Release|x86.ActiveCfg = Release|Any CPU
		{DEB12046-0106-4C38-A7F1-4B733204C225}.Release|x86.Build.0 = Release|Any CPU
		{622C4145-540A-44F8-908B-3EAD8F32F3DD}.Debug|Any CPU.ActiveCfg = Debug|Any CPU
		{622C4145-540A-44F8-908B-3EAD8F32F3DD}.Debug|Any CPU.Build.0 = Debug|Any CPU
		{622C4145-540A-44F8-908B-3EAD8F32F3DD}.Debug|ARM64.ActiveCfg = Debug|ARM64
		{622C4145-540A-44F8-908B-3EAD8F32F3DD}.Debug|ARM64.Build.0 = Debug|ARM64
		{622C4145-540A-44F8-908B-3EAD8F32F3DD}.Debug|x64.ActiveCfg = Debug|x64
		{622C4145-540A-44F8-908B-3EAD8F32F3DD}.Debug|x64.Build.0 = Debug|x64
		{622C4145-540A-44F8-908B-3EAD8F32F3DD}.Debug|x86.ActiveCfg = Debug|x86
		{622C4145-540A-44F8-908B-3EAD8F32F3DD}.Debug|x86.Build.0 = Debug|x86
		{622C4145-540A-44F8-908B-3EAD8F32F3DD}.Release|Any CPU.ActiveCfg = Release|Any CPU
		{622C4145-540A-44F8-908B-3EAD8F32F3DD}.Release|Any CPU.Build.0 = Release|Any CPU
		{622C4145-540A-44F8-908B-3EAD8F32F3DD}.Release|ARM64.ActiveCfg = Release|ARM64
		{622C4145-540A-44F8-908B-3EAD8F32F3DD}.Release|ARM64.Build.0 = Release|ARM64
		{622C4145-540A-44F8-908B-3EAD8F32F3DD}.Release|x64.ActiveCfg = Release|x64
		{622C4145-540A-44F8-908B-3EAD8F32F3DD}.Release|x64.Build.0 = Release|x64
		{622C4145-540A-44F8-908B-3EAD8F32F3DD}.Release|x86.ActiveCfg = Release|x86
		{622C4145-540A-44F8-908B-3EAD8F32F3DD}.Release|x86.Build.0 = Release|x86
		{27091DDD-7CA5-4524-A245-3F11D99FCD99}.Debug|Any CPU.ActiveCfg = Debug|Any CPU
		{27091DDD-7CA5-4524-A245-3F11D99FCD99}.Debug|Any CPU.Build.0 = Debug|Any CPU
		{27091DDD-7CA5-4524-A245-3F11D99FCD99}.Debug|ARM64.ActiveCfg = Debug|Any CPU
		{27091DDD-7CA5-4524-A245-3F11D99FCD99}.Debug|ARM64.Build.0 = Debug|Any CPU
		{27091DDD-7CA5-4524-A245-3F11D99FCD99}.Debug|x64.ActiveCfg = Debug|Any CPU
		{27091DDD-7CA5-4524-A245-3F11D99FCD99}.Debug|x64.Build.0 = Debug|Any CPU
		{27091DDD-7CA5-4524-A245-3F11D99FCD99}.Debug|x86.ActiveCfg = Debug|Any CPU
		{27091DDD-7CA5-4524-A245-3F11D99FCD99}.Debug|x86.Build.0 = Debug|Any CPU
		{27091DDD-7CA5-4524-A245-3F11D99FCD99}.Release|Any CPU.ActiveCfg = Release|Any CPU
		{27091DDD-7CA5-4524-A245-3F11D99FCD99}.Release|Any CPU.Build.0 = Release|Any CPU
		{27091DDD-7CA5-4524-A245-3F11D99FCD99}.Release|ARM64.ActiveCfg = Release|Any CPU
		{27091DDD-7CA5-4524-A245-3F11D99FCD99}.Release|ARM64.Build.0 = Release|Any CPU
		{27091DDD-7CA5-4524-A245-3F11D99FCD99}.Release|x64.ActiveCfg = Release|Any CPU
		{27091DDD-7CA5-4524-A245-3F11D99FCD99}.Release|x64.Build.0 = Release|Any CPU
		{27091DDD-7CA5-4524-A245-3F11D99FCD99}.Release|x86.ActiveCfg = Release|Any CPU
		{27091DDD-7CA5-4524-A245-3F11D99FCD99}.Release|x86.Build.0 = Release|Any CPU
		{8E781CEB-3316-47DE-8CA8-A41BCEB3EEA6}.Debug|Any CPU.ActiveCfg = Debug|Any CPU
		{8E781CEB-3316-47DE-8CA8-A41BCEB3EEA6}.Debug|Any CPU.Build.0 = Debug|Any CPU
		{8E781CEB-3316-47DE-8CA8-A41BCEB3EEA6}.Debug|ARM64.ActiveCfg = Debug|ARM64
		{8E781CEB-3316-47DE-8CA8-A41BCEB3EEA6}.Debug|ARM64.Build.0 = Debug|ARM64
		{8E781CEB-3316-47DE-8CA8-A41BCEB3EEA6}.Debug|x64.ActiveCfg = Debug|x64
		{8E781CEB-3316-47DE-8CA8-A41BCEB3EEA6}.Debug|x64.Build.0 = Debug|x64
		{8E781CEB-3316-47DE-8CA8-A41BCEB3EEA6}.Debug|x86.ActiveCfg = Debug|x86
		{8E781CEB-3316-47DE-8CA8-A41BCEB3EEA6}.Debug|x86.Build.0 = Debug|x86
		{8E781CEB-3316-47DE-8CA8-A41BCEB3EEA6}.Release|Any CPU.ActiveCfg = Release|Any CPU
		{8E781CEB-3316-47DE-8CA8-A41BCEB3EEA6}.Release|Any CPU.Build.0 = Release|Any CPU
		{8E781CEB-3316-47DE-8CA8-A41BCEB3EEA6}.Release|ARM64.ActiveCfg = Release|ARM64
		{8E781CEB-3316-47DE-8CA8-A41BCEB3EEA6}.Release|ARM64.Build.0 = Release|ARM64
		{8E781CEB-3316-47DE-8CA8-A41BCEB3EEA6}.Release|x64.ActiveCfg = Release|x64
		{8E781CEB-3316-47DE-8CA8-A41BCEB3EEA6}.Release|x64.Build.0 = Release|x64
		{8E781CEB-3316-47DE-8CA8-A41BCEB3EEA6}.Release|x86.ActiveCfg = Release|x86
		{8E781CEB-3316-47DE-8CA8-A41BCEB3EEA6}.Release|x86.Build.0 = Release|x86
		{FC9A45DF-D737-498B-8974-5A5FDCAF76B3}.Debug|Any CPU.ActiveCfg = Debug|Any CPU
		{FC9A45DF-D737-498B-8974-5A5FDCAF76B3}.Debug|Any CPU.Build.0 = Debug|Any CPU
		{FC9A45DF-D737-498B-8974-5A5FDCAF76B3}.Debug|ARM64.ActiveCfg = Debug|Any CPU
		{FC9A45DF-D737-498B-8974-5A5FDCAF76B3}.Debug|ARM64.Build.0 = Debug|Any CPU
		{FC9A45DF-D737-498B-8974-5A5FDCAF76B3}.Debug|x64.ActiveCfg = Debug|Any CPU
		{FC9A45DF-D737-498B-8974-5A5FDCAF76B3}.Debug|x64.Build.0 = Debug|Any CPU
		{FC9A45DF-D737-498B-8974-5A5FDCAF76B3}.Debug|x86.ActiveCfg = Debug|Any CPU
		{FC9A45DF-D737-498B-8974-5A5FDCAF76B3}.Debug|x86.Build.0 = Debug|Any CPU
		{FC9A45DF-D737-498B-8974-5A5FDCAF76B3}.Release|Any CPU.ActiveCfg = Release|Any CPU
		{FC9A45DF-D737-498B-8974-5A5FDCAF76B3}.Release|Any CPU.Build.0 = Release|Any CPU
		{FC9A45DF-D737-498B-8974-5A5FDCAF76B3}.Release|ARM64.ActiveCfg = Release|Any CPU
		{FC9A45DF-D737-498B-8974-5A5FDCAF76B3}.Release|ARM64.Build.0 = Release|Any CPU
		{FC9A45DF-D737-498B-8974-5A5FDCAF76B3}.Release|x64.ActiveCfg = Release|Any CPU
		{FC9A45DF-D737-498B-8974-5A5FDCAF76B3}.Release|x64.Build.0 = Release|Any CPU
		{FC9A45DF-D737-498B-8974-5A5FDCAF76B3}.Release|x86.ActiveCfg = Release|Any CPU
		{FC9A45DF-D737-498B-8974-5A5FDCAF76B3}.Release|x86.Build.0 = Release|Any CPU
	EndGlobalSection
	GlobalSection(SolutionProperties) = preSolution
		HideSolutionNode = FALSE
	EndGlobalSection
	GlobalSection(ExtensibilityGlobals) = postSolution
		SolutionGuid = {FF2465B4-E81F-4BA3-BD79-0625483443FA}
	EndGlobalSection
EndGlobal
